// !$*UTF8*$!
{
	archiveVersion = 1;
	classes = {
	};
	objectVersion = 56;
	objects = {

/* Begin PBXBuildFile section */
		9482E4012A8EBDCA00BDD3B1 /* FlightConnectionsApp.swift in Sources */ = {isa = PBXBuildFile; fileRef = 9482E4002A8EBDCA00BDD3B1 /* FlightConnectionsApp.swift */; };
		9482E4032A8EBDCA00BDD3B1 /* ContentView.swift in Sources */ = {isa = PBXBuildFile; fileRef = 9482E4022A8EBDCA00BDD3B1 /* ContentView.swift */; };
		9482E4052A8EBDCA00BDD3B1 /* Assets.xcassets in Resources */ = {isa = PBXBuildFile; fileRef = 9482E4042A8EBDCA00BDD3B1 /* Assets.xcassets */; };
		9482E4082A8EBDCA00BDD3B1 /* Preview Assets.xcassets in Resources */ = {isa = PBXBuildFile; fileRef = 9482E4072A8EBDCA00BDD3B1 /* Preview Assets.xcassets */; };
		9482E4122A8EBDCB00BDD3B1 /* FlightConnectionsAPITests.swift in Sources */ = {isa = PBXBuildFile; fileRef = 9482E4112A8EBDCB00BDD3B1 /* FlightConnectionsAPITests.swift */; };
		9482E42C2A8EBE5E00BDD3B1 /* API.swift in Sources */ = {isa = PBXBuildFile; fileRef = 9482E42B2A8EBE5E00BDD3B1 /* API.swift */; };
		9482E4322A8EC08000BDD3B1 /* URLSession+Async.swift in Sources */ = {isa = PBXBuildFile; fileRef = 9482E4312A8EC08000BDD3B1 /* URLSession+Async.swift */; };
		9482E4352A8EC1C000BDD3B1 /* APIFlightConnectionsDataSource.swift in Sources */ = {isa = PBXBuildFile; fileRef = 9482E4342A8EC1C000BDD3B1 /* APIFlightConnectionsDataSource.swift */; };
		9482E43B2A8EC41400BDD3B1 /* FlightConnections.swift in Sources */ = {isa = PBXBuildFile; fileRef = 9482E43A2A8EC41400BDD3B1 /* FlightConnections.swift */; };
		9482E43E2A8ED44100BDD3B1 /* Utils.swift in Sources */ = {isa = PBXBuildFile; fileRef = 9482E43D2A8ED44100BDD3B1 /* Utils.swift */; };
		9482E43F2A8EDB8700BDD3B1 /* FlightConnectionsMock.json in Resources */ = {isa = PBXBuildFile; fileRef = 9482E43C2A8ED31300BDD3B1 /* FlightConnectionsMock.json */; };
		94DD9BC42A9017E900A9C870 /* OriginFlightsView.swift in Sources */ = {isa = PBXBuildFile; fileRef = 94DD9BC22A9017E900A9C870 /* OriginFlightsView.swift */; };
		94DD9BC52A9017E900A9C870 /* OriginFlightsViewModel.swift in Sources */ = {isa = PBXBuildFile; fileRef = 94DD9BC32A9017E900A9C870 /* OriginFlightsViewModel.swift */; };
		94DD9BC72A901A4100A9C870 /* LoadingView.swift in Sources */ = {isa = PBXBuildFile; fileRef = 94DD9BC62A901A4100A9C870 /* LoadingView.swift */; };
		94DD9BCA2A90221100A9C870 /* ConnectionView.swift in Sources */ = {isa = PBXBuildFile; fileRef = 94DD9BC92A90221100A9C870 /* ConnectionView.swift */; };
		94DD9BCC2A91759800A9C870 /* FlightConnectionsViewModelTest.swift in Sources */ = {isa = PBXBuildFile; fileRef = 94DD9BCB2A91759800A9C870 /* FlightConnectionsViewModelTest.swift */; };
/* End PBXBuildFile section */

/* Begin PBXContainerItemProxy section */
		9482E40E2A8EBDCB00BDD3B1 /* PBXContainerItemProxy */ = {
			isa = PBXContainerItemProxy;
			containerPortal = 9482E3F52A8EBDC900BDD3B1 /* Project object */;
			proxyType = 1;
			remoteGlobalIDString = 9482E3FC2A8EBDCA00BDD3B1;
			remoteInfo = FlightConnections;
		};
/* End PBXContainerItemProxy section */

/* Begin PBXFileReference section */
		9482E3FD2A8EBDCA00BDD3B1 /* FlightConnections.app */ = {isa = PBXFileReference; explicitFileType = wrapper.application; includeInIndex = 0; path = FlightConnections.app; sourceTree = BUILT_PRODUCTS_DIR; };
		9482E4002A8EBDCA00BDD3B1 /* FlightConnectionsApp.swift */ = {isa = PBXFileReference; lastKnownFileType = sourcecode.swift; path = FlightConnectionsApp.swift; sourceTree = "<group>"; };
		9482E4022A8EBDCA00BDD3B1 /* ContentView.swift */ = {isa = PBXFileReference; lastKnownFileType = sourcecode.swift; path = ContentView.swift; sourceTree = "<group>"; };
		9482E4042A8EBDCA00BDD3B1 /* Assets.xcassets */ = {isa = PBXFileReference; lastKnownFileType = folder.assetcatalog; path = Assets.xcassets; sourceTree = "<group>"; };
		9482E4072A8EBDCA00BDD3B1 /* Preview Assets.xcassets */ = {isa = PBXFileReference; lastKnownFileType = folder.assetcatalog; path = "Preview Assets.xcassets"; sourceTree = "<group>"; };
		9482E40D2A8EBDCB00BDD3B1 /* FlightConnectionsTests.xctest */ = {isa = PBXFileReference; explicitFileType = wrapper.cfbundle; includeInIndex = 0; path = FlightConnectionsTests.xctest; sourceTree = BUILT_PRODUCTS_DIR; };
		9482E4112A8EBDCB00BDD3B1 /* FlightConnectionsAPITests.swift */ = {isa = PBXFileReference; lastKnownFileType = sourcecode.swift; path = FlightConnectionsAPITests.swift; sourceTree = "<group>"; };
		9482E42B2A8EBE5E00BDD3B1 /* API.swift */ = {isa = PBXFileReference; lastKnownFileType = sourcecode.swift; path = API.swift; sourceTree = "<group>"; };
		9482E4312A8EC08000BDD3B1 /* URLSession+Async.swift */ = {isa = PBXFileReference; lastKnownFileType = sourcecode.swift; path = "URLSession+Async.swift"; sourceTree = "<group>"; };
		9482E4342A8EC1C000BDD3B1 /* APIFlightConnectionsDataSource.swift */ = {isa = PBXFileReference; lastKnownFileType = sourcecode.swift; path = APIFlightConnectionsDataSource.swift; sourceTree = "<group>"; };
		9482E43A2A8EC41400BDD3B1 /* FlightConnections.swift */ = {isa = PBXFileReference; lastKnownFileType = sourcecode.swift; path = FlightConnections.swift; sourceTree = "<group>"; };
		9482E43C2A8ED31300BDD3B1 /* FlightConnectionsMock.json */ = {isa = PBXFileReference; lastKnownFileType = text.json; path = FlightConnectionsMock.json; sourceTree = "<group>"; };
		9482E43D2A8ED44100BDD3B1 /* Utils.swift */ = {isa = PBXFileReference; lastKnownFileType = sourcecode.swift; path = Utils.swift; sourceTree = "<group>"; };
		94DD9BC02A90176200A9C870 /* FlightConnections.xctestplan */ = {isa = PBXFileReference; lastKnownFileType = text; name = FlightConnections.xctestplan; path = ../FlightConnections.xctestplan; sourceTree = "<group>"; };
		94DD9BC22A9017E900A9C870 /* OriginFlightsView.swift */ = {isa = PBXFileReference; lastKnownFileType = sourcecode.swift; path = OriginFlightsView.swift; sourceTree = "<group>"; };
		94DD9BC32A9017E900A9C870 /* OriginFlightsViewModel.swift */ = {isa = PBXFileReference; lastKnownFileType = sourcecode.swift; path = OriginFlightsViewModel.swift; sourceTree = "<group>"; };
		94DD9BC62A901A4100A9C870 /* LoadingView.swift */ = {isa = PBXFileReference; lastKnownFileType = sourcecode.swift; path = LoadingView.swift; sourceTree = "<group>"; };
		94DD9BC92A90221100A9C870 /* ConnectionView.swift */ = {isa = PBXFileReference; lastKnownFileType = sourcecode.swift; path = ConnectionView.swift; sourceTree = "<group>"; };
		94DD9BCB2A91759800A9C870 /* FlightConnectionsViewModelTest.swift */ = {isa = PBXFileReference; lastKnownFileType = sourcecode.swift; path = FlightConnectionsViewModelTest.swift; sourceTree = "<group>"; };
/* End PBXFileReference section */

/* Begin PBXFrameworksBuildPhase section */
		9482E3FA2A8EBDCA00BDD3B1 /* Frameworks */ = {
			isa = PBXFrameworksBuildPhase;
			buildActionMask = 2147483647;
			files = (
			);
			runOnlyForDeploymentPostprocessing = 0;
		};
		9482E40A2A8EBDCB00BDD3B1 /* Frameworks */ = {
			isa = PBXFrameworksBuildPhase;
			buildActionMask = 2147483647;
			files = (
			);
			runOnlyForDeploymentPostprocessing = 0;
		};
/* End PBXFrameworksBuildPhase section */

/* Begin PBXGroup section */
		9482E3F42A8EBDC900BDD3B1 = {
			isa = PBXGroup;
			children = (
				94DD9BC02A90176200A9C870 /* FlightConnections.xctestplan */,
				9482E3FF2A8EBDCA00BDD3B1 /* FlightConnections */,
				9482E4102A8EBDCB00BDD3B1 /* FlightConnectionsTests */,
				9482E3FE2A8EBDCA00BDD3B1 /* Products */,
			);
			sourceTree = "<group>";
		};
		9482E3FE2A8EBDCA00BDD3B1 /* Products */ = {
			isa = PBXGroup;
			children = (
				9482E3FD2A8EBDCA00BDD3B1 /* FlightConnections.app */,
				9482E40D2A8EBDCB00BDD3B1 /* FlightConnectionsTests.xctest */,
			);
			name = Products;
			sourceTree = "<group>";
		};
		9482E3FF2A8EBDCA00BDD3B1 /* FlightConnections */ = {
			isa = PBXGroup;
			children = (
				94DD9BC82A9021FA00A9C870 /* Views */,
				94DD9BC12A9017CD00A9C870 /* Controllers */,
				9482E42A2A8EBDDC00BDD3B1 /* API */,
				9482E4002A8EBDCA00BDD3B1 /* FlightConnectionsApp.swift */,
				9482E43D2A8ED44100BDD3B1 /* Utils.swift */,
				9482E4022A8EBDCA00BDD3B1 /* ContentView.swift */,
				9482E4042A8EBDCA00BDD3B1 /* Assets.xcassets */,
				9482E4062A8EBDCA00BDD3B1 /* Preview Content */,
				9482E43C2A8ED31300BDD3B1 /* FlightConnectionsMock.json */,
			);
			path = FlightConnections;
			sourceTree = "<group>";
		};
		9482E4062A8EBDCA00BDD3B1 /* Preview Content */ = {
			isa = PBXGroup;
			children = (
				9482E4072A8EBDCA00BDD3B1 /* Preview Assets.xcassets */,
			);
			path = "Preview Content";
			sourceTree = "<group>";
		};
		9482E4102A8EBDCB00BDD3B1 /* FlightConnectionsTests */ = {
			isa = PBXGroup;
			children = (
				9482E4112A8EBDCB00BDD3B1 /* FlightConnectionsAPITests.swift */,
				94DD9BCB2A91759800A9C870 /* FlightConnectionsViewModelTest.swift */,
			);
			path = FlightConnectionsTests;
			sourceTree = "<group>";
		};
		9482E42A2A8EBDDC00BDD3B1 /* API */ = {
			isa = PBXGroup;
			children = (
				9482E4332A8EC19E00BDD3B1 /* FlightConnections */,
				9482E42B2A8EBE5E00BDD3B1 /* API.swift */,
				9482E4302A8EC06B00BDD3B1 /* Extension */,
				9482E42F2A8EBEF200BDD3B1 /* Model */,
			);
			path = API;
			sourceTree = "<group>";
		};
		9482E42F2A8EBEF200BDD3B1 /* Model */ = {
			isa = PBXGroup;
			children = (
				9482E43A2A8EC41400BDD3B1 /* FlightConnections.swift */,
			);
			path = Model;
			sourceTree = "<group>";
		};
		9482E4302A8EC06B00BDD3B1 /* Extension */ = {
			isa = PBXGroup;
			children = (
				9482E4312A8EC08000BDD3B1 /* URLSession+Async.swift */,
			);
			path = Extension;
			sourceTree = "<group>";
		};
		9482E4332A8EC19E00BDD3B1 /* FlightConnections */ = {
			isa = PBXGroup;
			children = (
				9482E4342A8EC1C000BDD3B1 /* APIFlightConnectionsDataSource.swift */,
			);
			path = FlightConnections;
			sourceTree = "<group>";
		};
		94DD9BC12A9017CD00A9C870 /* Controllers */ = {
			isa = PBXGroup;
			children = (
				94DD9BC22A9017E900A9C870 /* OriginFlightsView.swift */,
				94DD9BC32A9017E900A9C870 /* OriginFlightsViewModel.swift */,
			);
			path = Controllers;
			sourceTree = "<group>";
		};
		94DD9BC82A9021FA00A9C870 /* Views */ = {
			isa = PBXGroup;
			children = (
				94DD9BC62A901A4100A9C870 /* LoadingView.swift */,
				94DD9BC92A90221100A9C870 /* ConnectionView.swift */,
			);
			path = Views;
			sourceTree = "<group>";
		};
/* End PBXGroup section */

/* Begin PBXNativeTarget section */
		9482E3FC2A8EBDCA00BDD3B1 /* FlightConnections */ = {
			isa = PBXNativeTarget;
			buildConfigurationList = 9482E4212A8EBDCB00BDD3B1 /* Build configuration list for PBXNativeTarget "FlightConnections" */;
			buildPhases = (
				9482E3F92A8EBDCA00BDD3B1 /* Sources */,
				9482E3FA2A8EBDCA00BDD3B1 /* Frameworks */,
				9482E3FB2A8EBDCA00BDD3B1 /* Resources */,
			);
			buildRules = (
			);
			dependencies = (
			);
			name = FlightConnections;
			productName = FlightConnections;
			productReference = 9482E3FD2A8EBDCA00BDD3B1 /* FlightConnections.app */;
			productType = "com.apple.product-type.application";
		};
		9482E40C2A8EBDCB00BDD3B1 /* FlightConnectionsTests */ = {
			isa = PBXNativeTarget;
			buildConfigurationList = 9482E4242A8EBDCB00BDD3B1 /* Build configuration list for PBXNativeTarget "FlightConnectionsTests" */;
			buildPhases = (
				9482E4092A8EBDCB00BDD3B1 /* Sources */,
				9482E40A2A8EBDCB00BDD3B1 /* Frameworks */,
				9482E40B2A8EBDCB00BDD3B1 /* Resources */,
			);
			buildRules = (
			);
			dependencies = (
				9482E40F2A8EBDCB00BDD3B1 /* PBXTargetDependency */,
			);
			name = FlightConnectionsTests;
			productName = FlightConnectionsTests;
			productReference = 9482E40D2A8EBDCB00BDD3B1 /* FlightConnectionsTests.xctest */;
			productType = "com.apple.product-type.bundle.unit-test";
		};
/* End PBXNativeTarget section */

/* Begin PBXProject section */
		9482E3F52A8EBDC900BDD3B1 /* Project object */ = {
			isa = PBXProject;
			attributes = {
				BuildIndependentTargetsInParallel = 1;
				LastSwiftUpdateCheck = 1430;
				LastUpgradeCheck = 1430;
				TargetAttributes = {
					9482E3FC2A8EBDCA00BDD3B1 = {
						CreatedOnToolsVersion = 14.3.1;
					};
					9482E40C2A8EBDCB00BDD3B1 = {
						CreatedOnToolsVersion = 14.3.1;
						TestTargetID = 9482E3FC2A8EBDCA00BDD3B1;
					};
				};
			};
			buildConfigurationList = 9482E3F82A8EBDC900BDD3B1 /* Build configuration list for PBXProject "FlightConnections" */;
			compatibilityVersion = "Xcode 14.0";
			developmentRegion = en;
			hasScannedForEncodings = 0;
			knownRegions = (
				en,
				Base,
			);
			mainGroup = 9482E3F42A8EBDC900BDD3B1;
			productRefGroup = 9482E3FE2A8EBDCA00BDD3B1 /* Products */;
			projectDirPath = "";
			projectRoot = "";
			targets = (
				9482E3FC2A8EBDCA00BDD3B1 /* FlightConnections */,
				9482E40C2A8EBDCB00BDD3B1 /* FlightConnectionsTests */,
			);
		};
/* End PBXProject section */

/* Begin PBXResourcesBuildPhase section */
		9482E3FB2A8EBDCA00BDD3B1 /* Resources */ = {
			isa = PBXResourcesBuildPhase;
			buildActionMask = 2147483647;
			files = (
				9482E43F2A8EDB8700BDD3B1 /* FlightConnectionsMock.json in Resources */,
				9482E4082A8EBDCA00BDD3B1 /* Preview Assets.xcassets in Resources */,
				9482E4052A8EBDCA00BDD3B1 /* Assets.xcassets in Resources */,
			);
			runOnlyForDeploymentPostprocessing = 0;
		};
		9482E40B2A8EBDCB00BDD3B1 /* Resources */ = {
			isa = PBXResourcesBuildPhase;
			buildActionMask = 2147483647;
			files = (
			);
			runOnlyForDeploymentPostprocessing = 0;
		};
/* End PBXResourcesBuildPhase section */

/* Begin PBXSourcesBuildPhase section */
		9482E3F92A8EBDCA00BDD3B1 /* Sources */ = {
			isa = PBXSourcesBuildPhase;
			buildActionMask = 2147483647;
			files = (
				9482E4032A8EBDCA00BDD3B1 /* ContentView.swift in Sources */,
				94DD9BC52A9017E900A9C870 /* OriginFlightsViewModel.swift in Sources */,
				94DD9BCA2A90221100A9C870 /* ConnectionView.swift in Sources */,
				9482E43B2A8EC41400BDD3B1 /* FlightConnections.swift in Sources */,
				94DD9BC72A901A4100A9C870 /* LoadingView.swift in Sources */,
				9482E4322A8EC08000BDD3B1 /* URLSession+Async.swift in Sources */,
				9482E43E2A8ED44100BDD3B1 /* Utils.swift in Sources */,
				9482E4352A8EC1C000BDD3B1 /* APIFlightConnectionsDataSource.swift in Sources */,
				9482E42C2A8EBE5E00BDD3B1 /* API.swift in Sources */,
				94DD9BC42A9017E900A9C870 /* OriginFlightsView.swift in Sources */,
				9482E4012A8EBDCA00BDD3B1 /* FlightConnectionsApp.swift in Sources */,
			);
			runOnlyForDeploymentPostprocessing = 0;
		};
		9482E4092A8EBDCB00BDD3B1 /* Sources */ = {
			isa = PBXSourcesBuildPhase;
			buildActionMask = 2147483647;
			files = (
				94DD9BCC2A91759800A9C870 /* FlightConnectionsViewModelTest.swift in Sources */,
				9482E4122A8EBDCB00BDD3B1 /* FlightConnectionsAPITests.swift in Sources */,
			);
			runOnlyForDeploymentPostprocessing = 0;
		};
/* End PBXSourcesBuildPhase section */

/* Begin PBXTargetDependency section */
		9482E40F2A8EBDCB00BDD3B1 /* PBXTargetDependency */ = {
			isa = PBXTargetDependency;
			target = 9482E3FC2A8EBDCA00BDD3B1 /* FlightConnections */;
			targetProxy = 9482E40E2A8EBDCB00BDD3B1 /* PBXContainerItemProxy */;
		};
/* End PBXTargetDependency section */

/* Begin XCBuildConfiguration section */
		9482E41F2A8EBDCB00BDD3B1 /* Debug */ = {
			isa = XCBuildConfiguration;
			buildSettings = {
				ALWAYS_SEARCH_USER_PATHS = NO;
				CLANG_ANALYZER_NONNULL = YES;
				CLANG_ANALYZER_NUMBER_OBJECT_CONVERSION = YES_AGGRESSIVE;
				CLANG_CXX_LANGUAGE_STANDARD = "gnu++20";
				CLANG_ENABLE_MODULES = YES;
				CLANG_ENABLE_OBJC_ARC = YES;
				CLANG_ENABLE_OBJC_WEAK = YES;
				CLANG_WARN_BLOCK_CAPTURE_AUTORELEASING = YES;
				CLANG_WARN_BOOL_CONVERSION = YES;
				CLANG_WARN_COMMA = YES;
				CLANG_WARN_CONSTANT_CONVERSION = YES;
				CLANG_WARN_DEPRECATED_OBJC_IMPLEMENTATIONS = YES;
				CLANG_WARN_DIRECT_OBJC_ISA_USAGE = YES_ERROR;
				CLANG_WARN_DOCUMENTATION_COMMENTS = YES;
				CLANG_WARN_EMPTY_BODY = YES;
				CLANG_WARN_ENUM_CONVERSION = YES;
				CLANG_WARN_INFINITE_RECURSION = YES;
				CLANG_WARN_INT_CONVERSION = YES;
				CLANG_WARN_NON_LITERAL_NULL_CONVERSION = YES;
				CLANG_WARN_OBJC_IMPLICIT_RETAIN_SELF = YES;
				CLANG_WARN_OBJC_LITERAL_CONVERSION = YES;
				CLANG_WARN_OBJC_ROOT_CLASS = YES_ERROR;
				CLANG_WARN_QUOTED_INCLUDE_IN_FRAMEWORK_HEADER = YES;
				CLANG_WARN_RANGE_LOOP_ANALYSIS = YES;
				CLANG_WARN_STRICT_PROTOTYPES = YES;
				CLANG_WARN_SUSPICIOUS_MOVE = YES;
				CLANG_WARN_UNGUARDED_AVAILABILITY = YES_AGGRESSIVE;
				CLANG_WARN_UNREACHABLE_CODE = YES;
				CLANG_WARN__DUPLICATE_METHOD_MATCH = YES;
				COPY_PHASE_STRIP = NO;
				DEBUG_INFORMATION_FORMAT = dwarf;
				ENABLE_STRICT_OBJC_MSGSEND = YES;
				ENABLE_TESTABILITY = YES;
				GCC_C_LANGUAGE_STANDARD = gnu11;
				GCC_DYNAMIC_NO_PIC = NO;
				GCC_NO_COMMON_BLOCKS = YES;
				GCC_OPTIMIZATION_LEVEL = 0;
				GCC_PREPROCESSOR_DEFINITIONS = (
					"DEBUG=1",
					"$(inherited)",
				);
				GCC_WARN_64_TO_32_BIT_CONVERSION = YES;
				GCC_WARN_ABOUT_RETURN_TYPE = YES_ERROR;
				GCC_WARN_UNDECLARED_SELECTOR = YES;
				GCC_WARN_UNINITIALIZED_AUTOS = YES_AGGRESSIVE;
				GCC_WARN_UNUSED_FUNCTION = YES;
				GCC_WARN_UNUSED_VARIABLE = YES;
				IPHONEOS_DEPLOYMENT_TARGET = 16.4;
				MTL_ENABLE_DEBUG_INFO = INCLUDE_SOURCE;
				MTL_FAST_MATH = YES;
				ONLY_ACTIVE_ARCH = YES;
				SDKROOT = iphoneos;
				SWIFT_ACTIVE_COMPILATION_CONDITIONS = DEBUG;
				SWIFT_OPTIMIZATION_LEVEL = "-Onone";
			};
			name = Debug;
		};
		9482E4202A8EBDCB00BDD3B1 /* Release */ = {
			isa = XCBuildConfiguration;
			buildSettings = {
				ALWAYS_SEARCH_USER_PATHS = NO;
				CLANG_ANALYZER_NONNULL = YES;
				CLANG_ANALYZER_NUMBER_OBJECT_CONVERSION = YES_AGGRESSIVE;
				CLANG_CXX_LANGUAGE_STANDARD = "gnu++20";
				CLANG_ENABLE_MODULES = YES;
				CLANG_ENABLE_OBJC_ARC = YES;
				CLANG_ENABLE_OBJC_WEAK = YES;
				CLANG_WARN_BLOCK_CAPTURE_AUTORELEASING = YES;
				CLANG_WARN_BOOL_CONVERSION = YES;
				CLANG_WARN_COMMA = YES;
				CLANG_WARN_CONSTANT_CONVERSION = YES;
				CLANG_WARN_DEPRECATED_OBJC_IMPLEMENTATIONS = YES;
				CLANG_WARN_DIRECT_OBJC_ISA_USAGE = YES_ERROR;
				CLANG_WARN_DOCUMENTATION_COMMENTS = YES;
				CLANG_WARN_EMPTY_BODY = YES;
				CLANG_WARN_ENUM_CONVERSION = YES;
				CLANG_WARN_INFINITE_RECURSION = YES;
				CLANG_WARN_INT_CONVERSION = YES;
				CLANG_WARN_NON_LITERAL_NULL_CONVERSION = YES;
				CLANG_WARN_OBJC_IMPLICIT_RETAIN_SELF = YES;
				CLANG_WARN_OBJC_LITERAL_CONVERSION = YES;
				CLANG_WARN_OBJC_ROOT_CLASS = YES_ERROR;
				CLANG_WARN_QUOTED_INCLUDE_IN_FRAMEWORK_HEADER = YES;
				CLANG_WARN_RANGE_LOOP_ANALYSIS = YES;
				CLANG_WARN_STRICT_PROTOTYPES = YES;
				CLANG_WARN_SUSPICIOUS_MOVE = YES;
				CLANG_WARN_UNGUARDED_AVAILABILITY = YES_AGGRESSIVE;
				CLANG_WARN_UNREACHABLE_CODE = YES;
				CLANG_WARN__DUPLICATE_METHOD_MATCH = YES;
				COPY_PHASE_STRIP = NO;
				DEBUG_INFORMATION_FORMAT = "dwarf-with-dsym";
				ENABLE_NS_ASSERTIONS = NO;
				ENABLE_STRICT_OBJC_MSGSEND = YES;
				GCC_C_LANGUAGE_STANDARD = gnu11;
				GCC_NO_COMMON_BLOCKS = YES;
				GCC_WARN_64_TO_32_BIT_CONVERSION = YES;
				GCC_WARN_ABOUT_RETURN_TYPE = YES_ERROR;
				GCC_WARN_UNDECLARED_SELECTOR = YES;
				GCC_WARN_UNINITIALIZED_AUTOS = YES_AGGRESSIVE;
				GCC_WARN_UNUSED_FUNCTION = YES;
				GCC_WARN_UNUSED_VARIABLE = YES;
				IPHONEOS_DEPLOYMENT_TARGET = 16.4;
				MTL_ENABLE_DEBUG_INFO = NO;
				MTL_FAST_MATH = YES;
				SDKROOT = iphoneos;
				SWIFT_COMPILATION_MODE = wholemodule;
				SWIFT_OPTIMIZATION_LEVEL = "-O";
				VALIDATE_PRODUCT = YES;
			};
			name = Release;
		};
		9482E4222A8EBDCB00BDD3B1 /* Debug */ = {
			isa = XCBuildConfiguration;
			buildSettings = {
				ASSETCATALOG_COMPILER_APPICON_NAME = AppIcon;
				ASSETCATALOG_COMPILER_GLOBAL_ACCENT_COLOR_NAME = AccentColor;
				CODE_SIGN_STYLE = Automatic;
				CURRENT_PROJECT_VERSION = 1;
				DEVELOPMENT_ASSET_PATHS = "\"FlightConnections/Preview Content\"";
				ENABLE_PREVIEWS = YES;
				GENERATE_INFOPLIST_FILE = YES;
				INFOPLIST_KEY_UIApplicationSceneManifest_Generation = YES;
				INFOPLIST_KEY_UIApplicationSupportsIndirectInputEvents = YES;
				INFOPLIST_KEY_UILaunchScreen_Generation = YES;
				INFOPLIST_KEY_UISupportedInterfaceOrientations_iPad = "UIInterfaceOrientationPortrait UIInterfaceOrientationPortraitUpsideDown UIInterfaceOrientationLandscapeLeft UIInterfaceOrientationLandscapeRight";
				INFOPLIST_KEY_UISupportedInterfaceOrientations_iPhone = "UIInterfaceOrientationPortrait UIInterfaceOrientationLandscapeLeft UIInterfaceOrientationLandscapeRight";
				LD_RUNPATH_SEARCH_PATHS = (
					"$(inherited)",
					"@executable_path/Frameworks",
				);
				MARKETING_VERSION = 1.0;
				PRODUCT_BUNDLE_IDENTIFIER = com.franlucena.FlightConnections;
				PRODUCT_NAME = "$(TARGET_NAME)";
				SWIFT_EMIT_LOC_STRINGS = YES;
				SWIFT_VERSION = 5.0;
				TARGETED_DEVICE_FAMILY = 1;
			};
			name = Debug;
		};
		9482E4232A8EBDCB00BDD3B1 /* Release */ = {
			isa = XCBuildConfiguration;
			buildSettings = {
				ASSETCATALOG_COMPILER_APPICON_NAME = AppIcon;
				ASSETCATALOG_COMPILER_GLOBAL_ACCENT_COLOR_NAME = AccentColor;
				CODE_SIGN_STYLE = Automatic;
				CURRENT_PROJECT_VERSION = 1;
				DEVELOPMENT_ASSET_PATHS = "\"FlightConnections/Preview Content\"";
				ENABLE_PREVIEWS = YES;
				GENERATE_INFOPLIST_FILE = YES;
				INFOPLIST_KEY_UIApplicationSceneManifest_Generation = YES;
				INFOPLIST_KEY_UIApplicationSupportsIndirectInputEvents = YES;
				INFOPLIST_KEY_UILaunchScreen_Generation = YES;
				INFOPLIST_KEY_UISupportedInterfaceOrientations_iPad = "UIInterfaceOrientationPortrait UIInterfaceOrientationPortraitUpsideDown UIInterfaceOrientationLandscapeLeft UIInterfaceOrientationLandscapeRight";
				INFOPLIST_KEY_UISupportedInterfaceOrientations_iPhone = "UIInterfaceOrientationPortrait UIInterfaceOrientationLandscapeLeft UIInterfaceOrientationLandscapeRight";
				LD_RUNPATH_SEARCH_PATHS = (
					"$(inherited)",
					"@executable_path/Frameworks",
				);
				MARKETING_VERSION = 1.0;
				PRODUCT_BUNDLE_IDENTIFIER = com.franlucena.FlightConnections;
				PRODUCT_NAME = "$(TARGET_NAME)";
				SWIFT_EMIT_LOC_STRINGS = YES;
				SWIFT_VERSION = 5.0;
				TARGETED_DEVICE_FAMILY = 1;
			};
			name = Release;
		};
		9482E4252A8EBDCB00BDD3B1 /* Debug */ = {
			isa = XCBuildConfiguration;
			buildSettings = {
				ALWAYS_EMBED_SWIFT_STANDARD_LIBRARIES = YES;
				BUNDLE_LOADER = "$(TEST_HOST)";
				CODE_SIGN_STYLE = Automatic;
				CURRENT_PROJECT_VERSION = 1;
				GENERATE_INFOPLIST_FILE = YES;
				IPHONEOS_DEPLOYMENT_TARGET = 16.4;
				MARKETING_VERSION = 1.0;
				PRODUCT_BUNDLE_IDENTIFIER = com.franlucena.FlightConnectionsTests;
				PRODUCT_NAME = "$(TARGET_NAME)";
				SUPPORTED_PLATFORMS = "iphoneos iphonesimulator";
				SUPPORTS_MACCATALYST = NO;
				SUPPORTS_MAC_DESIGNED_FOR_IPHONE_IPAD = YES;
				SWIFT_EMIT_LOC_STRINGS = NO;
				SWIFT_VERSION = 5.0;
				TARGETED_DEVICE_FAMILY = 1;
				TEST_HOST = "$(BUILT_PRODUCTS_DIR)/FlightConnections.app/$(BUNDLE_EXECUTABLE_FOLDER_PATH)/FlightConnections";
			};
			name = Debug;
		};
		9482E4262A8EBDCB00BDD3B1 /* Release */ = {
			isa = XCBuildConfiguration;
			buildSettings = {
				ALWAYS_EMBED_SWIFT_STANDARD_LIBRARIES = YES;
				BUNDLE_LOADER = "$(TEST_HOST)";
				CODE_SIGN_STYLE = Automatic;
				CURRENT_PROJECT_VERSION = 1;
				GENERATE_INFOPLIST_FILE = YES;
				IPHONEOS_DEPLOYMENT_TARGET = 16.4;
				MARKETING_VERSION = 1.0;
				PRODUCT_BUNDLE_IDENTIFIER = com.franlucena.FlightConnectionsTests;
				PRODUCT_NAME = "$(TARGET_NAME)";
				SUPPORTED_PLATFORMS = "iphoneos iphonesimulator";
				SUPPORTS_MACCATALYST = NO;
				SUPPORTS_MAC_DESIGNED_FOR_IPHONE_IPAD = YES;
				SWIFT_EMIT_LOC_STRINGS = NO;
				SWIFT_VERSION = 5.0;
				TARGETED_DEVICE_FAMILY = 1;
				TEST_HOST = "$(BUILT_PRODUCTS_DIR)/FlightConnections.app/$(BUNDLE_EXECUTABLE_FOLDER_PATH)/FlightConnections";
			};
			name = Release;
		};
/* End XCBuildConfiguration section */

/* Begin XCConfigurationList section */
		9482E3F82A8EBDC900BDD3B1 /* Build configuration list for PBXProject "FlightConnections" */ = {
			isa = XCConfigurationList;
			buildConfigurations = (
				9482E41F2A8EBDCB00BDD3B1 /* Debug */,
				9482E4202A8EBDCB00BDD3B1 /* Release */,
			);
			defaultConfigurationIsVisible = 0;
			defaultConfigurationName = Release;
		};
		9482E4212A8EBDCB00BDD3B1 /* Build configuration list for PBXNativeTarget "FlightConnections" */ = {
			isa = XCConfigurationList;
			buildConfigurations = (
				9482E4222A8EBDCB00BDD3B1 /* Debug */,
				9482E4232A8EBDCB00BDD3B1 /* Release */,
			);
			defaultConfigurationIsVisible = 0;
			defaultConfigurationName = Release;
		};
		9482E4242A8EBDCB00BDD3B1 /* Build configuration list for PBXNativeTarget "FlightConnectionsTests" */ = {
			isa = XCConfigurationList;
			buildConfigurations = (
				9482E4252A8EBDCB00BDD3B1 /* Debug */,
				9482E4262A8EBDCB00BDD3B1 /* Release */,
			);
			defaultConfigurationIsVisible = 0;
			defaultConfigurationName = Release;
		};
/* End XCConfigurationList section */
	};
	rootObject = 9482E3F52A8EBDC900BDD3B1 /* Project object */;
}
